// !$*UTF8*$!
{
	archiveVersion = 1;
	classes = {
	};
	objectVersion = 46;
	objects = {

/* Begin PBXBuildFile section */
		4824EFBC1849280700B9F40A /* Foundation.framework in Frameworks */ = {isa = PBXBuildFile; fileRef = 4824EFBB1849280700B9F40A /* Foundation.framework */; };
		4824EFBE1849280700B9F40A /* CoreGraphics.framework in Frameworks */ = {isa = PBXBuildFile; fileRef = 4824EFBD1849280700B9F40A /* CoreGraphics.framework */; };
		4824EFC01849280700B9F40A /* UIKit.framework in Frameworks */ = {isa = PBXBuildFile; fileRef = 4824EFBF1849280700B9F40A /* UIKit.framework */; };
		4824EFC61849280700B9F40A /* InfoPlist.strings in Resources */ = {isa = PBXBuildFile; fileRef = 4824EFC41849280700B9F40A /* InfoPlist.strings */; };
		4824EFC81849280700B9F40A /* main.m in Sources */ = {isa = PBXBuildFile; fileRef = 4824EFC71849280700B9F40A /* main.m */; };
		4824EFCC1849280700B9F40A /* FRPAppDelegate.m in Sources */ = {isa = PBXBuildFile; fileRef = 4824EFCB1849280700B9F40A /* FRPAppDelegate.m */; };
		4824EFCE1849280700B9F40A /* Images.xcassets in Resources */ = {isa = PBXBuildFile; fileRef = 4824EFCD1849280700B9F40A /* Images.xcassets */; };
		4824EFD51849280700B9F40A /* XCTest.framework in Frameworks */ = {isa = PBXBuildFile; fileRef = 4824EFD41849280700B9F40A /* XCTest.framework */; };
		4824EFD61849280700B9F40A /* Foundation.framework in Frameworks */ = {isa = PBXBuildFile; fileRef = 4824EFBB1849280700B9F40A /* Foundation.framework */; };
		4824EFD71849280700B9F40A /* UIKit.framework in Frameworks */ = {isa = PBXBuildFile; fileRef = 4824EFBF1849280700B9F40A /* UIKit.framework */; };
		4824EFDF1849280700B9F40A /* InfoPlist.strings in Resources */ = {isa = PBXBuildFile; fileRef = 4824EFDD1849280700B9F40A /* InfoPlist.strings */; };
		4824EFE11849280700B9F40A /* WWDCTests.m in Sources */ = {isa = PBXBuildFile; fileRef = 4824EFE01849280700B9F40A /* WWDCTests.m */; };
		4824EFEF1849284B00B9F40A /* FRPSessionListModel.m in Sources */ = {isa = PBXBuildFile; fileRef = 4824EFEE1849284B00B9F40A /* FRPSessionListModel.m */; };
		4824EFF41849287A00B9F40A /* FRPSessionDetailsViewModel.m in Sources */ = {isa = PBXBuildFile; fileRef = 4824EFF31849287A00B9F40A /* FRPSessionDetailsViewModel.m */; };
		4824EFF71849288700B9F40A /* FRPSessionDetailsViewController.m in Sources */ = {isa = PBXBuildFile; fileRef = 4824EFF61849288700B9F40A /* FRPSessionDetailsViewController.m */; };
		4824EFFA1849289700B9F40A /* FRPSessionSearchViewModel.m in Sources */ = {isa = PBXBuildFile; fileRef = 4824EFF91849289700B9F40A /* FRPSessionSearchViewModel.m */; };
		4824EFFD184928A300B9F40A /* FRPSessionSearchViewController.m in Sources */ = {isa = PBXBuildFile; fileRef = 4824EFFC184928A300B9F40A /* FRPSessionSearchViewController.m */; };
		4824F000184928B200B9F40A /* FRPSessionModel.m in Sources */ = {isa = PBXBuildFile; fileRef = 4824EFFF184928B200B9F40A /* FRPSessionModel.m */; };
		4824F00318492D6600B9F40A /* FRPApplicationFlow.m in Sources */ = {isa = PBXBuildFile; fileRef = 4824F00218492D6600B9F40A /* FRPApplicationFlow.m */; };
		4824F0061849D7F600B9F40A /* FRPStringArrayDataSource.m in Sources */ = {isa = PBXBuildFile; fileRef = 4824F0051849D7F600B9F40A /* FRPStringArrayDataSource.m */; };
		5157BC8FB0F04ED8BA554FB2 /* libPods.a in Frameworks */ = {isa = PBXBuildFile; fileRef = A5FE4874277B4D648DCFD703 /* libPods.a */; };
/* End PBXBuildFile section */

/* Begin PBXContainerItemProxy section */
		4824EFD81849280700B9F40A /* PBXContainerItemProxy */ = {
			isa = PBXContainerItemProxy;
			containerPortal = 4824EFB01849280700B9F40A /* Project object */;
			proxyType = 1;
			remoteGlobalIDString = 4824EFB71849280700B9F40A;
			remoteInfo = WWDC;
		};
/* End PBXContainerItemProxy section */

/* Begin PBXFileReference section */
		4824EFB81849280700B9F40A /* WWDC.app */ = {isa = PBXFileReference; explicitFileType = wrapper.application; includeInIndex = 0; path = WWDC.app; sourceTree = BUILT_PRODUCTS_DIR; };
		4824EFBB1849280700B9F40A /* Foundation.framework */ = {isa = PBXFileReference; lastKnownFileType = wrapper.framework; name = Foundation.framework; path = System/Library/Frameworks/Foundation.framework; sourceTree = SDKROOT; };
		4824EFBD1849280700B9F40A /* CoreGraphics.framework */ = {isa = PBXFileReference; lastKnownFileType = wrapper.framework; name = CoreGraphics.framework; path = System/Library/Frameworks/CoreGraphics.framework; sourceTree = SDKROOT; };
		4824EFBF1849280700B9F40A /* UIKit.framework */ = {isa = PBXFileReference; lastKnownFileType = wrapper.framework; name = UIKit.framework; path = System/Library/Frameworks/UIKit.framework; sourceTree = SDKROOT; };
		4824EFC31849280700B9F40A /* WWDC-Info.plist */ = {isa = PBXFileReference; lastKnownFileType = text.plist.xml; path = "WWDC-Info.plist"; sourceTree = "<group>"; };
		4824EFC51849280700B9F40A /* en */ = {isa = PBXFileReference; lastKnownFileType = text.plist.strings; name = en; path = en.lproj/InfoPlist.strings; sourceTree = "<group>"; };
		4824EFC71849280700B9F40A /* main.m */ = {isa = PBXFileReference; lastKnownFileType = sourcecode.c.objc; path = main.m; sourceTree = "<group>"; };
		4824EFC91849280700B9F40A /* WWDC-Prefix.pch */ = {isa = PBXFileReference; lastKnownFileType = sourcecode.c.h; path = "WWDC-Prefix.pch"; sourceTree = "<group>"; };
		4824EFCA1849280700B9F40A /* FRPAppDelegate.h */ = {isa = PBXFileReference; lastKnownFileType = sourcecode.c.h; path = FRPAppDelegate.h; sourceTree = "<group>"; };
		4824EFCB1849280700B9F40A /* FRPAppDelegate.m */ = {isa = PBXFileReference; lastKnownFileType = sourcecode.c.objc; path = FRPAppDelegate.m; sourceTree = "<group>"; };
		4824EFCD1849280700B9F40A /* Images.xcassets */ = {isa = PBXFileReference; lastKnownFileType = folder.assetcatalog; path = Images.xcassets; sourceTree = "<group>"; };
		4824EFD31849280700B9F40A /* WWDCTests.xctest */ = {isa = PBXFileReference; explicitFileType = wrapper.cfbundle; includeInIndex = 0; path = WWDCTests.xctest; sourceTree = BUILT_PRODUCTS_DIR; };
		4824EFD41849280700B9F40A /* XCTest.framework */ = {isa = PBXFileReference; lastKnownFileType = wrapper.framework; name = XCTest.framework; path = Library/Frameworks/XCTest.framework; sourceTree = DEVELOPER_DIR; };
		4824EFDC1849280700B9F40A /* WWDCTests-Info.plist */ = {isa = PBXFileReference; lastKnownFileType = text.plist.xml; path = "WWDCTests-Info.plist"; sourceTree = "<group>"; };
		4824EFDE1849280700B9F40A /* en */ = {isa = PBXFileReference; lastKnownFileType = text.plist.strings; name = en; path = en.lproj/InfoPlist.strings; sourceTree = "<group>"; };
		4824EFE01849280700B9F40A /* WWDCTests.m */ = {isa = PBXFileReference; lastKnownFileType = sourcecode.c.objc; path = WWDCTests.m; sourceTree = "<group>"; };
		4824EFED1849284B00B9F40A /* FRPSessionListModel.h */ = {isa = PBXFileReference; fileEncoding = 4; lastKnownFileType = sourcecode.c.h; path = FRPSessionListModel.h; sourceTree = "<group>"; };
		4824EFEE1849284B00B9F40A /* FRPSessionListModel.m */ = {isa = PBXFileReference; fileEncoding = 4; lastKnownFileType = sourcecode.c.objc; path = FRPSessionListModel.m; sourceTree = "<group>"; };
		4824EFF21849287A00B9F40A /* FRPSessionDetailsViewModel.h */ = {isa = PBXFileReference; fileEncoding = 4; lastKnownFileType = sourcecode.c.h; path = FRPSessionDetailsViewModel.h; sourceTree = "<group>"; };
		4824EFF31849287A00B9F40A /* FRPSessionDetailsViewModel.m */ = {isa = PBXFileReference; fileEncoding = 4; lastKnownFileType = sourcecode.c.objc; path = FRPSessionDetailsViewModel.m; sourceTree = "<group>"; };
		4824EFF51849288700B9F40A /* FRPSessionDetailsViewController.h */ = {isa = PBXFileReference; fileEncoding = 4; lastKnownFileType = sourcecode.c.h; path = FRPSessionDetailsViewController.h; sourceTree = "<group>"; };
		4824EFF61849288700B9F40A /* FRPSessionDetailsViewController.m */ = {isa = PBXFileReference; fileEncoding = 4; lastKnownFileType = sourcecode.c.objc; path = FRPSessionDetailsViewController.m; sourceTree = "<group>"; };
		4824EFF81849289700B9F40A /* FRPSessionSearchViewModel.h */ = {isa = PBXFileReference; fileEncoding = 4; lastKnownFileType = sourcecode.c.h; path = FRPSessionSearchViewModel.h; sourceTree = "<group>"; };
		4824EFF91849289700B9F40A /* FRPSessionSearchViewModel.m */ = {isa = PBXFileReference; fileEncoding = 4; lastKnownFileType = sourcecode.c.objc; path = FRPSessionSearchViewModel.m; sourceTree = "<group>"; };
		4824EFFB184928A300B9F40A /* FRPSessionSearchViewController.h */ = {isa = PBXFileReference; fileEncoding = 4; lastKnownFileType = sourcecode.c.h; path = FRPSessionSearchViewController.h; sourceTree = "<group>"; };
		4824EFFC184928A300B9F40A /* FRPSessionSearchViewController.m */ = {isa = PBXFileReference; fileEncoding = 4; lastKnownFileType = sourcecode.c.objc; path = FRPSessionSearchViewController.m; sourceTree = "<group>"; };
		4824EFFE184928B200B9F40A /* FRPSessionModel.h */ = {isa = PBXFileReference; fileEncoding = 4; lastKnownFileType = sourcecode.c.h; path = FRPSessionModel.h; sourceTree = "<group>"; };
		4824EFFF184928B200B9F40A /* FRPSessionModel.m */ = {isa = PBXFileReference; fileEncoding = 4; lastKnownFileType = sourcecode.c.objc; path = FRPSessionModel.m; sourceTree = "<group>"; };
		4824F00118492D6600B9F40A /* FRPApplicationFlow.h */ = {isa = PBXFileReference; fileEncoding = 4; lastKnownFileType = sourcecode.c.h; path = FRPApplicationFlow.h; sourceTree = "<group>"; };
		4824F00218492D6600B9F40A /* FRPApplicationFlow.m */ = {isa = PBXFileReference; fileEncoding = 4; lastKnownFileType = sourcecode.c.objc; path = FRPApplicationFlow.m; sourceTree = "<group>"; };
		4824F0041849D7F600B9F40A /* FRPStringArrayDataSource.h */ = {isa = PBXFileReference; fileEncoding = 4; lastKnownFileType = sourcecode.c.h; path = FRPStringArrayDataSource.h; sourceTree = "<group>"; };
		4824F0051849D7F600B9F40A /* FRPStringArrayDataSource.m */ = {isa = PBXFileReference; fileEncoding = 4; lastKnownFileType = sourcecode.c.objc; path = FRPStringArrayDataSource.m; sourceTree = "<group>"; };
		7DC7C3F95F18499F87905759 /* Pods.xcconfig */ = {isa = PBXFileReference; includeInIndex = 1; lastKnownFileType = text.xcconfig; name = Pods.xcconfig; path = ../Pods/Pods.xcconfig; sourceTree = "<group>"; };
		A5FE4874277B4D648DCFD703 /* libPods.a */ = {isa = PBXFileReference; explicitFileType = archive.ar; includeInIndex = 0; path = libPods.a; sourceTree = BUILT_PRODUCTS_DIR; };
/* End PBXFileReference section */

/* Begin PBXFrameworksBuildPhase section */
		4824EFB51849280700B9F40A /* Frameworks */ = {
			isa = PBXFrameworksBuildPhase;
			buildActionMask = 2147483647;
			files = (
				4824EFBE1849280700B9F40A /* CoreGraphics.framework in Frameworks */,
				4824EFC01849280700B9F40A /* UIKit.framework in Frameworks */,
				4824EFBC1849280700B9F40A /* Foundation.framework in Frameworks */,
				5157BC8FB0F04ED8BA554FB2 /* libPods.a in Frameworks */,
			);
			runOnlyForDeploymentPostprocessing = 0;
		};
		4824EFD01849280700B9F40A /* Frameworks */ = {
			isa = PBXFrameworksBuildPhase;
			buildActionMask = 2147483647;
			files = (
				4824EFD51849280700B9F40A /* XCTest.framework in Frameworks */,
				4824EFD71849280700B9F40A /* UIKit.framework in Frameworks */,
				4824EFD61849280700B9F40A /* Foundation.framework in Frameworks */,
			);
			runOnlyForDeploymentPostprocessing = 0;
		};
/* End PBXFrameworksBuildPhase section */

/* Begin PBXGroup section */
		4824EFAF1849280700B9F40A = {
			isa = PBXGroup;
			children = (
				4824EFF11849285A00B9F40A /* Models */,
				4824EFEA1849281200B9F40A /* Screens */,
				4824EFC11849280700B9F40A /* WWDC */,
				4824EFDA1849280700B9F40A /* WWDCTests */,
				4824EFBA1849280700B9F40A /* Frameworks */,
				4824EFB91849280700B9F40A /* Products */,
				7DC7C3F95F18499F87905759 /* Pods.xcconfig */,
			);
			sourceTree = "<group>";
		};
		4824EFB91849280700B9F40A /* Products */ = {
			isa = PBXGroup;
			children = (
				4824EFB81849280700B9F40A /* WWDC.app */,
				4824EFD31849280700B9F40A /* WWDCTests.xctest */,
			);
			name = Products;
			sourceTree = "<group>";
		};
		4824EFBA1849280700B9F40A /* Frameworks */ = {
			isa = PBXGroup;
			children = (
				4824EFBB1849280700B9F40A /* Foundation.framework */,
				4824EFBD1849280700B9F40A /* CoreGraphics.framework */,
				4824EFBF1849280700B9F40A /* UIKit.framework */,
				4824EFD41849280700B9F40A /* XCTest.framework */,
				A5FE4874277B4D648DCFD703 /* libPods.a */,
			);
			name = Frameworks;
			sourceTree = "<group>";
		};
		4824EFC11849280700B9F40A /* WWDC */ = {
			isa = PBXGroup;
			children = (
				4824EFCA1849280700B9F40A /* FRPAppDelegate.h */,
				4824EFCB1849280700B9F40A /* FRPAppDelegate.m */,
				4824EFCD1849280700B9F40A /* Images.xcassets */,
				4824EFC21849280700B9F40A /* Supporting Files */,
			);
			path = WWDC;
			sourceTree = "<group>";
		};
		4824EFC21849280700B9F40A /* Supporting Files */ = {
			isa = PBXGroup;
			children = (
				4824EFC31849280700B9F40A /* WWDC-Info.plist */,
				4824EFC41849280700B9F40A /* InfoPlist.strings */,
				4824EFC71849280700B9F40A /* main.m */,
				4824EFC91849280700B9F40A /* WWDC-Prefix.pch */,
			);
			name = "Supporting Files";
			sourceTree = "<group>";
		};
		4824EFDA1849280700B9F40A /* WWDCTests */ = {
			isa = PBXGroup;
			children = (
				4824EFE01849280700B9F40A /* WWDCTests.m */,
				4824EFDB1849280700B9F40A /* Supporting Files */,
			);
			path = WWDCTests;
			sourceTree = "<group>";
		};
		4824EFDB1849280700B9F40A /* Supporting Files */ = {
			isa = PBXGroup;
			children = (
				4824EFDC1849280700B9F40A /* WWDCTests-Info.plist */,
				4824EFDD1849280700B9F40A /* InfoPlist.strings */,
			);
			name = "Supporting Files";
			sourceTree = "<group>";
		};
		4824EFEA1849281200B9F40A /* Screens */ = {
			isa = PBXGroup;
			children = (
				4824F00118492D6600B9F40A /* FRPApplicationFlow.h */,
				4824F00218492D6600B9F40A /* FRPApplicationFlow.m */,
				4824EFEB1849282300B9F40A /* Session search */,
				4824EFEC1849283200B9F40A /* Session details */,
				4824F0041849D7F600B9F40A /* FRPStringArrayDataSource.h */,
				4824F0051849D7F600B9F40A /* FRPStringArrayDataSource.m */,
			);
			name = Screens;
			sourceTree = "<group>";
		};
		4824EFEB1849282300B9F40A /* Session search */ = {
			isa = PBXGroup;
			children = (
				4824EFF81849289700B9F40A /* FRPSessionSearchViewModel.h */,
				4824EFF91849289700B9F40A /* FRPSessionSearchViewModel.m */,
				4824EFFB184928A300B9F40A /* FRPSessionSearchViewController.h */,
				4824EFFC184928A300B9F40A /* FRPSessionSearchViewController.m */,
			);
			name = "Session search";
			sourceTree = "<group>";
		};
		4824EFEC1849283200B9F40A /* Session details */ = {
			isa = PBXGroup;
			children = (
				4824EFF21849287A00B9F40A /* FRPSessionDetailsViewModel.h */,
				4824EFF31849287A00B9F40A /* FRPSessionDetailsViewModel.m */,
				4824EFF51849288700B9F40A /* FRPSessionDetailsViewController.h */,
				4824EFF61849288700B9F40A /* FRPSessionDetailsViewController.m */,
			);
			name = "Session details";
			sourceTree = "<group>";
		};
		4824EFF11849285A00B9F40A /* Models */ = {
			isa = PBXGroup;
			children = (
				4824EFED1849284B00B9F40A /* FRPSessionListModel.h */,
				4824EFEE1849284B00B9F40A /* FRPSessionListModel.m */,
				4824EFFE184928B200B9F40A /* FRPSessionModel.h */,
				4824EFFF184928B200B9F40A /* FRPSessionModel.m */,
			);
			name = Models;
			sourceTree = "<group>";
		};
/* End PBXGroup section */

/* Begin PBXNativeTarget section */
		4824EFB71849280700B9F40A /* WWDC */ = {
			isa = PBXNativeTarget;
			buildConfigurationList = 4824EFE41849280800B9F40A /* Build configuration list for PBXNativeTarget "WWDC" */;
			buildPhases = (
				C139A3648312457CABDE131B /* Check Pods Manifest.lock */,
				4824EFB41849280700B9F40A /* Sources */,
				4824EFB51849280700B9F40A /* Frameworks */,
				4824EFB61849280700B9F40A /* Resources */,
				B6B42D2A63F4449BBD1682EF /* Copy Pods Resources */,
			);
			buildRules = (
			);
			dependencies = (
			);
			name = WWDC;
			productName = WWDC;
			productReference = 4824EFB81849280700B9F40A /* WWDC.app */;
			productType = "com.apple.product-type.application";
		};
		4824EFD21849280700B9F40A /* WWDCTests */ = {
			isa = PBXNativeTarget;
			buildConfigurationList = 4824EFE71849280800B9F40A /* Build configuration list for PBXNativeTarget "WWDCTests" */;
			buildPhases = (
				4824EFCF1849280700B9F40A /* Sources */,
				4824EFD01849280700B9F40A /* Frameworks */,
				4824EFD11849280700B9F40A /* Resources */,
			);
			buildRules = (
			);
			dependencies = (
				4824EFD91849280700B9F40A /* PBXTargetDependency */,
			);
			name = WWDCTests;
			productName = WWDCTests;
			productReference = 4824EFD31849280700B9F40A /* WWDCTests.xctest */;
			productType = "com.apple.product-type.bundle.unit-test";
		};
/* End PBXNativeTarget section */

/* Begin PBXProject section */
		4824EFB01849280700B9F40A /* Project object */ = {
			isa = PBXProject;
			attributes = {
				CLASSPREFIX = FRP;
				LastUpgradeCheck = 0500;
				ORGANIZATIONNAME = dalog;
				TargetAttributes = {
					4824EFD21849280700B9F40A = {
						TestTargetID = 4824EFB71849280700B9F40A;
					};
				};
			};
			buildConfigurationList = 4824EFB31849280700B9F40A /* Build configuration list for PBXProject "WWDC" */;
			compatibilityVersion = "Xcode 3.2";
			developmentRegion = English;
			hasScannedForEncodings = 0;
			knownRegions = (
				en,
			);
			mainGroup = 4824EFAF1849280700B9F40A;
			productRefGroup = 4824EFB91849280700B9F40A /* Products */;
			projectDirPath = "";
			projectRoot = "";
			targets = (
				4824EFB71849280700B9F40A /* WWDC */,
				4824EFD21849280700B9F40A /* WWDCTests */,
			);
		};
/* End PBXProject section */

/* Begin PBXResourcesBuildPhase section */
		4824EFB61849280700B9F40A /* Resources */ = {
			isa = PBXResourcesBuildPhase;
			buildActionMask = 2147483647;
			files = (
				4824EFC61849280700B9F40A /* InfoPlist.strings in Resources */,
				4824EFCE1849280700B9F40A /* Images.xcassets in Resources */,
			);
			runOnlyForDeploymentPostprocessing = 0;
		};
		4824EFD11849280700B9F40A /* Resources */ = {
			isa = PBXResourcesBuildPhase;
			buildActionMask = 2147483647;
			files = (
				4824EFDF1849280700B9F40A /* InfoPlist.strings in Resources */,
			);
			runOnlyForDeploymentPostprocessing = 0;
		};
/* End PBXResourcesBuildPhase section */

/* Begin PBXShellScriptBuildPhase section */
		B6B42D2A63F4449BBD1682EF /* Copy Pods Resources */ = {
			isa = PBXShellScriptBuildPhase;
			buildActionMask = 2147483647;
			files = (
			);
			inputPaths = (
			);
			name = "Copy Pods Resources";
			outputPaths = (
			);
			runOnlyForDeploymentPostprocessing = 0;
			shellPath = /bin/sh;
			shellScript = "\"${SRCROOT}/../Pods/Pods-resources.sh\"\n";
			showEnvVarsInLog = 0;
		};
		C139A3648312457CABDE131B /* Check Pods Manifest.lock */ = {
			isa = PBXShellScriptBuildPhase;
			buildActionMask = 2147483647;
			files = (
			);
			inputPaths = (
			);
			name = "Check Pods Manifest.lock";
			outputPaths = (
			);
			runOnlyForDeploymentPostprocessing = 0;
			shellPath = /bin/sh;
			shellScript = "diff \"${PODS_ROOT}/../Podfile.lock\" \"${PODS_ROOT}/Manifest.lock\" > /dev/null\nif [[ $? != 0 ]] ; then\n    cat << EOM\nerror: The sandbox is not in sync with the Podfile.lock. Run 'pod install' or update your CocoaPods installation.\nEOM\n    exit 1\nfi\n";
			showEnvVarsInLog = 0;
		};
/* End PBXShellScriptBuildPhase section */

/* Begin PBXSourcesBuildPhase section */
		4824EFB41849280700B9F40A /* Sources */ = {
			isa = PBXSourcesBuildPhase;
			buildActionMask = 2147483647;
			files = (
				4824F0061849D7F600B9F40A /* FRPStringArrayDataSource.m in Sources */,
				4824EFFD184928A300B9F40A /* FRPSessionSearchViewController.m in Sources */,
				4824F000184928B200B9F40A /* FRPSessionModel.m in Sources */,
				4824EFC81849280700B9F40A /* main.m in Sources */,
				4824EFF41849287A00B9F40A /* FRPSessionDetailsViewModel.m in Sources */,
				4824EFEF1849284B00B9F40A /* FRPSessionListModel.m in Sources */,
				4824EFCC1849280700B9F40A /* FRPAppDelegate.m in Sources */,
				4824EFFA1849289700B9F40A /* FRPSessionSearchViewModel.m in Sources */,
				4824F00318492D6600B9F40A /* FRPApplicationFlow.m in Sources */,
				4824EFF71849288700B9F40A /* FRPSessionDetailsViewController.m in Sources */,
			);
			runOnlyForDeploymentPostprocessing = 0;
		};
		4824EFCF1849280700B9F40A /* Sources */ = {
			isa = PBXSourcesBuildPhase;
			buildActionMask = 2147483647;
			files = (
				4824EFE11849280700B9F40A /* WWDCTests.m in Sources */,
			);
			runOnlyForDeploymentPostprocessing = 0;
		};
/* End PBXSourcesBuildPhase section */

/* Begin PBXTargetDependency section */
		4824EFD91849280700B9F40A /* PBXTargetDependency */ = {
			isa = PBXTargetDependency;
			target = 4824EFB71849280700B9F40A /* WWDC */;
			targetProxy = 4824EFD81849280700B9F40A /* PBXContainerItemProxy */;
		};
/* End PBXTargetDependency section */

/* Begin PBXVariantGroup section */
		4824EFC41849280700B9F40A /* InfoPlist.strings */ = {
			isa = PBXVariantGroup;
			children = (
				4824EFC51849280700B9F40A /* en */,
			);
			name = InfoPlist.strings;
			sourceTree = "<group>";
		};
		4824EFDD1849280700B9F40A /* InfoPlist.strings */ = {
			isa = PBXVariantGroup;
			children = (
				4824EFDE1849280700B9F40A /* en */,
			);
			name = InfoPlist.strings;
			sourceTree = "<group>";
		};
/* End PBXVariantGroup section */

/* Begin XCBuildConfiguration section */
		4824EFE21849280800B9F40A /* Debug */ = {
			isa = XCBuildConfiguration;
			buildSettings = {
				ALWAYS_SEARCH_USER_PATHS = NO;
				ARCHS = "$(ARCHS_STANDARD_INCLUDING_64_BIT)";
				CLANG_CXX_LANGUAGE_STANDARD = "gnu++0x";
				CLANG_CXX_LIBRARY = "libc++";
				CLANG_ENABLE_MODULES = YES;
				CLANG_ENABLE_OBJC_ARC = YES;
				CLANG_WARN_BOOL_CONVERSION = YES;
				CLANG_WARN_CONSTANT_CONVERSION = YES;
				CLANG_WARN_DIRECT_OBJC_ISA_USAGE = YES_ERROR;
				CLANG_WARN_EMPTY_BODY = YES;
				CLANG_WARN_ENUM_CONVERSION = YES;
				CLANG_WARN_INT_CONVERSION = YES;
				CLANG_WARN_OBJC_ROOT_CLASS = YES_ERROR;
				CLANG_WARN__DUPLICATE_METHOD_MATCH = YES;
				"CODE_SIGN_IDENTITY[sdk=iphoneos*]" = "iPhone Developer";
				COPY_PHASE_STRIP = NO;
				GCC_C_LANGUAGE_STANDARD = gnu99;
				GCC_DYNAMIC_NO_PIC = NO;
				GCC_OPTIMIZATION_LEVEL = 0;
				GCC_PREPROCESSOR_DEFINITIONS = (
					"DEBUG=1",
					"$(inherited)",
				);
				GCC_SYMBOLS_PRIVATE_EXTERN = NO;
				GCC_WARN_64_TO_32_BIT_CONVERSION = YES;
				GCC_WARN_ABOUT_RETURN_TYPE = YES_ERROR;
				GCC_WARN_UNDECLARED_SELECTOR = YES;
				GCC_WARN_UNINITIALIZED_AUTOS = YES;
				GCC_WARN_UNUSED_FUNCTION = YES;
				GCC_WARN_UNUSED_VARIABLE = YES;
				IPHONEOS_DEPLOYMENT_TARGET = 7.0;
				ONLY_ACTIVE_ARCH = YES;
				SDKROOT = iphoneos;
			};
			name = Debug;
		};
		4824EFE31849280800B9F40A /* Release */ = {
			isa = XCBuildConfiguration;
			buildSettings = {
				ALWAYS_SEARCH_USER_PATHS = NO;
				ARCHS = "$(ARCHS_STANDARD_INCLUDING_64_BIT)";
				CLANG_CXX_LANGUAGE_STANDARD = "gnu++0x";
				CLANG_CXX_LIBRARY = "libc++";
				CLANG_ENABLE_MODULES = YES;
				CLANG_ENABLE_OBJC_ARC = YES;
				CLANG_WARN_BOOL_CONVERSION = YES;
				CLANG_WARN_CONSTANT_CONVERSION = YES;
				CLANG_WARN_DIRECT_OBJC_ISA_USAGE = YES_ERROR;
				CLANG_WARN_EMPTY_BODY = YES;
				CLANG_WARN_ENUM_CONVERSION = YES;
				CLANG_WARN_INT_CONVERSION = YES;
				CLANG_WARN_OBJC_ROOT_CLASS = YES_ERROR;
				CLANG_WARN__DUPLICATE_METHOD_MATCH = YES;
				"CODE_SIGN_IDENTITY[sdk=iphoneos*]" = "iPhone Developer";
				COPY_PHASE_STRIP = YES;
				ENABLE_NS_ASSERTIONS = NO;
				GCC_C_LANGUAGE_STANDARD = gnu99;
				GCC_WARN_64_TO_32_BIT_CONVERSION = YES;
				GCC_WARN_ABOUT_RETURN_TYPE = YES_ERROR;
				GCC_WARN_UNDECLARED_SELECTOR = YES;
				GCC_WARN_UNINITIALIZED_AUTOS = YES;
				GCC_WARN_UNUSED_FUNCTION = YES;
				GCC_WARN_UNUSED_VARIABLE = YES;
				IPHONEOS_DEPLOYMENT_TARGET = 7.0;
				SDKROOT = iphoneos;
				VALIDATE_PRODUCT = YES;
			};
			name = Release;
		};
		4824EFE51849280800B9F40A /* Debug */ = {
			isa = XCBuildConfiguration;
			baseConfigurationReference = 7DC7C3F95F18499F87905759 /* Pods.xcconfig */;
			buildSettings = {
				ASSETCATALOG_COMPILER_APPICON_NAME = AppIcon;
				ASSETCATALOG_COMPILER_LAUNCHIMAGE_NAME = LaunchImage;
				GCC_PRECOMPILE_PREFIX_HEADER = YES;
				GCC_PREFIX_HEADER = "WWDC/WWDC-Prefix.pch";
				INFOPLIST_FILE = "WWDC/WWDC-Info.plist";
				PRODUCT_NAME = "$(TARGET_NAME)";
				WRAPPER_EXTENSION = app;
			};
			name = Debug;
		};
		4824EFE61849280800B9F40A /* Release */ = {
			isa = XCBuildConfiguration;
			baseConfigurationReference = 7DC7C3F95F18499F87905759 /* Pods.xcconfig */;
			buildSettings = {
				ASSETCATALOG_COMPILER_APPICON_NAME = AppIcon;
				ASSETCATALOG_COMPILER_LAUNCHIMAGE_NAME = LaunchImage;
				GCC_PRECOMPILE_PREFIX_HEADER = YES;
				GCC_PREFIX_HEADER = "WWDC/WWDC-Prefix.pch";
				INFOPLIST_FILE = "WWDC/WWDC-Info.plist";
				PRODUCT_NAME = "$(TARGET_NAME)";
				WRAPPER_EXTENSION = app;
			};
			name = Release;
		};
		4824EFE81849280800B9F40A /* Debug */ = {
			isa = XCBuildConfiguration;
			buildSettings = {
				ARCHS = "$(ARCHS_STANDARD_INCLUDING_64_BIT)";
				BUNDLE_LOADER = "$(BUILT_PRODUCTS_DIR)/WWDC.app/WWDC";
				FRAMEWORK_SEARCH_PATHS = (
					"$(SDKROOT)/Developer/Library/Frameworks",
					"$(inherited)",
					"$(DEVELOPER_FRAMEWORKS_DIR)",
				);
				GCC_PRECOMPILE_PREFIX_HEADER = YES;
				GCC_PREFIX_HEADER = "WWDC/WWDC-Prefix.pch";
				GCC_PREPROCESSOR_DEFINITIONS = (
					"DEBUG=1",
					"$(inherited)",
				);
				INFOPLIST_FILE = "WWDCTests/WWDCTests-Info.plist";
				PRODUCT_NAME = "$(TARGET_NAME)";
				TEST_HOST = "$(BUNDLE_LOADER)";
				WRAPPER_EXTENSION = xctest;
			};
			name = Debug;
		};
		4824EFE91849280800B9F40A /* Release */ = {
			isa = XCBuildConfiguration;
			buildSettings = {
				ARCHS = "$(ARCHS_STANDARD_INCLUDING_64_BIT)";
				BUNDLE_LOADER = "$(BUILT_PRODUCTS_DIR)/WWDC.app/WWDC";
				FRAMEWORK_SEARCH_PATHS = (
					"$(SDKROOT)/Developer/Library/Frameworks",
					"$(inherited)",
					"$(DEVELOPER_FRAMEWORKS_DIR)",
				);
				GCC_PRECOMPILE_PREFIX_HEADER = YES;
				GCC_PREFIX_HEADER = "WWDC/WWDC-Prefix.pch";
				INFOPLIST_FILE = "WWDCTests/WWDCTests-Info.plist";
				PRODUCT_NAME = "$(TARGET_NAME)";
				TEST_HOST = "$(BUNDLE_LOADER)";
				WRAPPER_EXTENSION = xctest;
			};
			name = Release;
		};
/* End XCBuildConfiguration section */

/* Begin XCConfigurationList section */
		4824EFB31849280700B9F40A /* Build configuration list for PBXProject "WWDC" */ = {
			isa = XCConfigurationList;
			buildConfigurations = (
				4824EFE21849280800B9F40A /* Debug */,
				4824EFE31849280800B9F40A /* Release */,
			);
			defaultConfigurationIsVisible = 0;
			defaultConfigurationName = Release;
		};
		4824EFE41849280800B9F40A /* Build configuration list for PBXNativeTarget "WWDC" */ = {
			isa = XCConfigurationList;
			buildConfigurations = (
				4824EFE51849280800B9F40A /* Debug */,
				4824EFE61849280800B9F40A /* Release */,
			);
			defaultConfigurationIsVisible = 0;
			defaultConfigurationName = Release;
		};
		4824EFE71849280800B9F40A /* Build configuration list for PBXNativeTarget "WWDCTests" */ = {
			isa = XCConfigurationList;
			buildConfigurations = (
				4824EFE81849280800B9F40A /* Debug */,
				4824EFE91849280800B9F40A /* Release */,
			);
			defaultConfigurationIsVisible = 0;
			defaultConfigurationName = Release;
		};
/* End XCConfigurationList section */
	};
	rootObject = 4824EFB01849280700B9F40A /* Project object */;
}
